{
  "name": "comp397-s2018-midterm",
  "version": "1.0.0",
  "lockfileVersion": 2,
  "requires": true,
  "packages": {
    "": {
      "name": "comp397-s2018-midterm",
      "version": "1.0.0",
      "license": "MIT",
      "dependencies": {
        "easeljs": "^1.0.2",
        "preloadjs": "^1.0.1",
        "soundjs": "^1.0.1",
        "tweenjs": "^1.0.2"
      },
      "devDependencies": {
        "@types/easeljs": "^1.0.0",
        "@types/preloadjs": "^0.6.32",
        "@types/soundjs": "^0.6.27",
        "@types/tweenjs": "^1.0.0"
      }
    },
    "node_modules/@types/createjs-lib": {
      "version": "0.0.29",
      "resolved": "https://registry.npmjs.org/@types/createjs-lib/-/createjs-lib-0.0.29.tgz",
      "dev": true,
      "license": "MIT"
    },
    "node_modules/@types/easeljs": {
      "version": "1.0.0",
      "resolved": "https://registry.npmjs.org/@types/easeljs/-/easeljs-1.0.0.tgz",
      "dev": true,
      "license": "MIT",
      "dependencies": {
        "@types/createjs-lib": "*",
        "@types/tweenjs": "*"
      }
    },
    "node_modules/@types/preloadjs": {
      "version": "0.6.32",
      "resolved": "https://registry.npmjs.org/@types/preloadjs/-/preloadjs-0.6.32.tgz",
      "dev": true,
      "license": "MIT",
      "dependencies": {
        "@types/createjs-lib": "*"
      }
    },
    "node_modules/@types/soundjs": {
      "version": "0.6.27",
      "resolved": "https://registry.npmjs.org/@types/soundjs/-/soundjs-0.6.27.tgz",
      "dev": true,
      "license": "MIT",
      "dependencies": {
        "@types/createjs-lib": "*",
        "@types/preloadjs": "*"
      }
    },
    "node_modules/@types/tweenjs": {
      "version": "1.0.0",
      "resolved": "https://registry.npmjs.org/@types/tweenjs/-/tweenjs-1.0.0.tgz",
      "dev": true,
      "license": "MIT",
      "dependencies": {
        "@types/createjs-lib": "*"
      }
    },
    "node_modules/easeljs": {
      "version": "1.0.2",
      "resolved": "https://registry.npmjs.org/easeljs/-/easeljs-1.0.2.tgz",
      "license": "MIT"
    },
    "node_modules/preloadjs": {
      "version": "1.0.1",
      "resolved": "https://registry.npmjs.org/preloadjs/-/preloadjs-1.0.1.tgz",
      "license": "MIT"
    },
    "node_modules/soundjs": {
      "version": "1.0.1",
      "resolved": "https://registry.npmjs.org/soundjs/-/soundjs-1.0.1.tgz",
      "license": "MIT"
    },
    "node_modules/tweenjs": {
      "version": "1.0.2",
      "resolved": "https://registry.npmjs.org/tweenjs/-/tweenjs-1.0.2.tgz",
      "license": "MIT"
    }
  },
  "dependencies": {
    "@types/createjs-lib": {
      "version": "0.0.29",
      "resolved": "https://registry.npmjs.org/@types/createjs-lib/-/createjs-lib-0.0.29.tgz",
      "dev": true
    },
    "@types/easeljs": {
      "version": "1.0.0",
      "resolved": "https://registry.npmjs.org/@types/easeljs/-/easeljs-1.0.0.tgz",
      "dev": true,
      "requires": {
        "@types/createjs-lib": "*",
        "@types/tweenjs": "*"
      }
    },
    "@types/preloadjs": {
      "version": "0.6.32",
      "resolved": "https://registry.npmjs.org/@types/preloadjs/-/preloadjs-0.6.32.tgz",
      "dev": true,
      "requires": {
        "@types/createjs-lib": "*"
      }
    },
    "@types/soundjs": {
      "version": "0.6.27",
      "resolved": "https://registry.npmjs.org/@types/soundjs/-/soundjs-0.6.27.tgz",
      "dev": true,
      "requires": {
        "@types/createjs-lib": "*",
        "@types/preloadjs": "*"
      }
    },
    "@types/tweenjs": {
      "version": "1.0.0",
      "resolved": "https://registry.npmjs.org/@types/tweenjs/-/tweenjs-1.0.0.tgz",
      "dev": true,
      "requires": {
        "@types/createjs-lib": "*"
      }
    },
    "easeljs": {
      "version": "1.0.2",
      "resolved": "https://registry.npmjs.org/easeljs/-/easeljs-1.0.2.tgz"
    },
    "preloadjs": {
      "version": "1.0.1",
      "resolved": "https://registry.npmjs.org/preloadjs/-/preloadjs-1.0.1.tgz"
    },
    "soundjs": {
      "version": "1.0.1",
      "resolved": "https://registry.npmjs.org/soundjs/-/soundjs-1.0.1.tgz"
    },
    "tweenjs": {
      "version": "1.0.2",
      "resolved": "https://registry.npmjs.org/tweenjs/-/tweenjs-1.0.2.tgz"
    }
  }
}
