# THIS IS AN AUTOGENERATED FILE. DO NOT EDIT THIS FILE DIRECTLY.
# yarn lockfile v1


"@types/createjs-lib@*":
  "resolved" "https://registry.npmjs.org/@types/createjs-lib/-/createjs-lib-0.0.29.tgz"
  "version" "0.0.29"

"@types/easeljs@^1.0.0":
  "resolved" "https://registry.npmjs.org/@types/easeljs/-/easeljs-1.0.0.tgz"
  "version" "1.0.0"
  dependencies:
    "@types/createjs-lib" "*"
    "@types/tweenjs" "*"

"@types/preloadjs@*", "@types/preloadjs@^0.6.32":
  "resolved" "https://registry.npmjs.org/@types/preloadjs/-/preloadjs-0.6.32.tgz"
  "version" "0.6.32"
  dependencies:
    "@types/createjs-lib" "*"

"@types/soundjs@^0.6.27":
  "resolved" "https://registry.npmjs.org/@types/soundjs/-/soundjs-0.6.27.tgz"
  "version" "0.6.27"
  dependencies:
    "@types/createjs-lib" "*"
    "@types/preloadjs" "*"

"@types/tweenjs@*", "@types/tweenjs@^1.0.0":
  "resolved" "https://registry.npmjs.org/@types/tweenjs/-/tweenjs-1.0.0.tgz"
  "version" "1.0.0"
  dependencies:
    "@types/createjs-lib" "*"

"easeljs@^1.0.2":
  "resolved" "https://registry.npmjs.org/easeljs/-/easeljs-1.0.2.tgz"
  "version" "1.0.2"

"preloadjs@^1.0.1":
  "resolved" "https://registry.npmjs.org/preloadjs/-/preloadjs-1.0.1.tgz"
  "version" "1.0.1"

"soundjs@^1.0.1":
  "resolved" "https://registry.npmjs.org/soundjs/-/soundjs-1.0.1.tgz"
  "version" "1.0.1"

"tweenjs@^1.0.2":
  "resolved" "https://registry.npmjs.org/tweenjs/-/tweenjs-1.0.2.tgz"
  "version" "1.0.2"
